
Microsoft Visual Studio Solution File, Format Version 12.00
# Visual Studio 15
VisualStudioVersion = 15.0.28010.2003
MinimumVisualStudioVersion = 10.0.40219.1
Project("{FAE04EC0-301F-11D3-BF4B-00C04F79EFBC}") = "GreenLeaf.UWP", "GreenLeaf.UWP\GreenLeaf.UWP.csproj", "{DFC140C9-41D5-486D-A887-407CEC0503B9}"
EndProject
Project("{F2A71F9B-5D33-465A-A702-920D77279786}") = "GreenLeaf.iOS", "GreenLeaf.iOS\GreenLeaf.iOS.fsproj", "{DAD85722-E2D4-458F-A93E-91FAC9899328}"
EndProject
Project("{FAE04EC0-301F-11D3-BF4B-00C04F79EFBC}") = "GreenLeaf.Android", "GreenLeaf.Android\GreenLeaf.Android.csproj", "{09AED819-62F5-4AD5-AD65-7D190BB95415}"
EndProject
Project("{2150E333-8FDC-42A3-9474-1A3956D46DE8}") = "Solution Items", "Solution Items", "{73E9ACF8-D89A-428D-A135-E6C963A8987F}"
EndProject
Project("{9A19103F-16F7-4668-BE54-9A1E7A4F7556}") = "GreenLeaf.Core", "GreenLeaf.Core\GreenLeaf.Core.csproj", "{6B22CEE3-28FC-44AF-92C1-8DCC701C3011}"
EndProject
Project("{2150E333-8FDC-42A3-9474-1A3956D46DE8}") = "Core", "Core", "{09F0D674-4D29-460C-AE93-22384E026F9D}"
EndProject
Project("{2150E333-8FDC-42A3-9474-1A3956D46DE8}") = "Platforms", "Platforms", "{A6FB2B5E-D3E7-4A2F-A4FE-D946ECBB6A68}"
EndProject
Project("{FAE04EC0-301F-11D3-BF4B-00C04F79EFBC}") = "GreenLeaf.Core.Unit.Tests", "GreenLeaf.Core.Unit.Tests\GreenLeaf.Core.Unit.Tests.csproj", "{CC07CDEE-E30D-4C48-9AE8-AC84B33510BF}"
EndProject
Global
	GlobalSection(SolutionConfigurationPlatforms) = preSolution
		Ad-Hoc|Any CPU = Ad-Hoc|Any CPU
		Ad-Hoc|ARM = Ad-Hoc|ARM
		Ad-Hoc|iPhone = Ad-Hoc|iPhone
		Ad-Hoc|iPhoneSimulator = Ad-Hoc|iPhoneSimulator
		Ad-Hoc|x64 = Ad-Hoc|x64
		Ad-Hoc|x86 = Ad-Hoc|x86
		AppStore|Any CPU = AppStore|Any CPU
		AppStore|ARM = AppStore|ARM
		AppStore|iPhone = AppStore|iPhone
		AppStore|iPhoneSimulator = AppStore|iPhoneSimulator
		AppStore|x64 = AppStore|x64
		AppStore|x86 = AppStore|x86
		Debug|Any CPU = Debug|Any CPU
		Debug|ARM = Debug|ARM
		Debug|iPhone = Debug|iPhone
		Debug|iPhoneSimulator = Debug|iPhoneSimulator
		Debug|x64 = Debug|x64
		Debug|x86 = Debug|x86
		Release|Any CPU = Release|Any CPU
		Release|ARM = Release|ARM
		Release|iPhone = Release|iPhone
		Release|iPhoneSimulator = Release|iPhoneSimulator
		Release|x64 = Release|x64
		Release|x86 = Release|x86
	EndGlobalSection
	GlobalSection(ProjectConfigurationPlatforms) = postSolution
		{DFC140C9-41D5-486D-A887-407CEC0503B9}.Ad-Hoc|Any CPU.ActiveCfg = Release|x64
		{DFC140C9-41D5-486D-A887-407CEC0503B9}.Ad-Hoc|Any CPU.Build.0 = Release|x64
		{DFC140C9-41D5-486D-A887-407CEC0503B9}.Ad-Hoc|Any CPU.Deploy.0 = Release|x64
		{DFC140C9-41D5-486D-A887-407CEC0503B9}.Ad-Hoc|ARM.ActiveCfg = Release|ARM
		{DFC140C9-41D5-486D-A887-407CEC0503B9}.Ad-Hoc|ARM.Build.0 = Release|ARM
		{DFC140C9-41D5-486D-A887-407CEC0503B9}.Ad-Hoc|ARM.Deploy.0 = Release|ARM
		{DFC140C9-41D5-486D-A887-407CEC0503B9}.Ad-Hoc|iPhone.ActiveCfg = Release|x64
		{DFC140C9-41D5-486D-A887-407CEC0503B9}.Ad-Hoc|iPhone.Build.0 = Release|x64
		{DFC140C9-41D5-486D-A887-407CEC0503B9}.Ad-Hoc|iPhone.Deploy.0 = Release|x64
		{DFC140C9-41D5-486D-A887-407CEC0503B9}.Ad-Hoc|iPhoneSimulator.ActiveCfg = Release|x64
		{DFC140C9-41D5-486D-A887-407CEC0503B9}.Ad-Hoc|iPhoneSimulator.Build.0 = Release|x64
		{DFC140C9-41D5-486D-A887-407CEC0503B9}.Ad-Hoc|iPhoneSimulator.Deploy.0 = Release|x64
		{DFC140C9-41D5-486D-A887-407CEC0503B9}.Ad-Hoc|x64.ActiveCfg = Release|x64
		{DFC140C9-41D5-486D-A887-407CEC0503B9}.Ad-Hoc|x64.Build.0 = Release|x64
		{DFC140C9-41D5-486D-A887-407CEC0503B9}.Ad-Hoc|x64.Deploy.0 = Release|x64
		{DFC140C9-41D5-486D-A887-407CEC0503B9}.Ad-Hoc|x86.ActiveCfg = Release|x86
		{DFC140C9-41D5-486D-A887-407CEC0503B9}.Ad-Hoc|x86.Build.0 = Release|x86
		{DFC140C9-41D5-486D-A887-407CEC0503B9}.Ad-Hoc|x86.Deploy.0 = Release|x86
		{DFC140C9-41D5-486D-A887-407CEC0503B9}.AppStore|Any CPU.ActiveCfg = Release|x64
		{DFC140C9-41D5-486D-A887-407CEC0503B9}.AppStore|Any CPU.Build.0 = Release|x64
		{DFC140C9-41D5-486D-A887-407CEC0503B9}.AppStore|Any CPU.Deploy.0 = Release|x64
		{DFC140C9-41D5-486D-A887-407CEC0503B9}.AppStore|ARM.ActiveCfg = Release|ARM
		{DFC140C9-41D5-486D-A887-407CEC0503B9}.AppStore|ARM.Build.0 = Release|ARM
		{DFC140C9-41D5-486D-A887-407CEC0503B9}.AppStore|ARM.Deploy.0 = Release|ARM
		{DFC140C9-41D5-486D-A887-407CEC0503B9}.AppStore|iPhone.ActiveCfg = Release|x64
		{DFC140C9-41D5-486D-A887-407CEC0503B9}.AppStore|iPhone.Build.0 = Release|x64
		{DFC140C9-41D5-486D-A887-407CEC0503B9}.AppStore|iPhone.Deploy.0 = Release|x64
		{DFC140C9-41D5-486D-A887-407CEC0503B9}.AppStore|iPhoneSimulator.ActiveCfg = Release|x64
		{DFC140C9-41D5-486D-A887-407CEC0503B9}.AppStore|iPhoneSimulator.Build.0 = Release|x64
		{DFC140C9-41D5-486D-A887-407CEC0503B9}.AppStore|iPhoneSimulator.Deploy.0 = Release|x64
		{DFC140C9-41D5-486D-A887-407CEC0503B9}.AppStore|x64.ActiveCfg = Release|x64
		{DFC140C9-41D5-486D-A887-407CEC0503B9}.AppStore|x64.Build.0 = Release|x64
		{DFC140C9-41D5-486D-A887-407CEC0503B9}.AppStore|x64.Deploy.0 = Release|x64
		{DFC140C9-41D5-486D-A887-407CEC0503B9}.AppStore|x86.ActiveCfg = Release|x86
		{DFC140C9-41D5-486D-A887-407CEC0503B9}.AppStore|x86.Build.0 = Release|x86
		{DFC140C9-41D5-486D-A887-407CEC0503B9}.AppStore|x86.Deploy.0 = Release|x86
		{DFC140C9-41D5-486D-A887-407CEC0503B9}.Debug|Any CPU.ActiveCfg = Debug|x86
		{DFC140C9-41D5-486D-A887-407CEC0503B9}.Debug|ARM.ActiveCfg = Debug|ARM
		{DFC140C9-41D5-486D-A887-407CEC0503B9}.Debug|ARM.Build.0 = Debug|ARM
		{DFC140C9-41D5-486D-A887-407CEC0503B9}.Debug|ARM.Deploy.0 = Debug|ARM
		{DFC140C9-41D5-486D-A887-407CEC0503B9}.Debug|iPhone.ActiveCfg = Debug|x86
		{DFC140C9-41D5-486D-A887-407CEC0503B9}.Debug|iPhoneSimulator.ActiveCfg = Debug|x86
		{DFC140C9-41D5-486D-A887-407CEC0503B9}.Debug|x64.ActiveCfg = Debug|x64
		{DFC140C9-41D5-486D-A887-407CEC0503B9}.Debug|x64.Build.0 = Debug|x64
		{DFC140C9-41D5-486D-A887-407CEC0503B9}.Debug|x64.Deploy.0 = Debug|x64
		{DFC140C9-41D5-486D-A887-407CEC0503B9}.Debug|x86.ActiveCfg = Debug|x64
		{DFC140C9-41D5-486D-A887-407CEC0503B9}.Debug|x86.Build.0 = Debug|x64
		{DFC140C9-41D5-486D-A887-407CEC0503B9}.Debug|x86.Deploy.0 = Debug|x64
		{DFC140C9-41D5-486D-A887-407CEC0503B9}.Release|Any CPU.ActiveCfg = Release|x86
		{DFC140C9-41D5-486D-A887-407CEC0503B9}.Release|ARM.ActiveCfg = Release|ARM
		{DFC140C9-41D5-486D-A887-407CEC0503B9}.Release|ARM.Build.0 = Release|ARM
		{DFC140C9-41D5-486D-A887-407CEC0503B9}.Release|ARM.Deploy.0 = Release|ARM
		{DFC140C9-41D5-486D-A887-407CEC0503B9}.Release|iPhone.ActiveCfg = Release|x86
		{DFC140C9-41D5-486D-A887-407CEC0503B9}.Release|iPhoneSimulator.ActiveCfg = Release|x86
		{DFC140C9-41D5-486D-A887-407CEC0503B9}.Release|x64.ActiveCfg = Release|x64
		{DFC140C9-41D5-486D-A887-407CEC0503B9}.Release|x64.Build.0 = Release|x64
		{DFC140C9-41D5-486D-A887-407CEC0503B9}.Release|x64.Deploy.0 = Release|x64
		{DFC140C9-41D5-486D-A887-407CEC0503B9}.Release|x86.ActiveCfg = Release|x86
		{DFC140C9-41D5-486D-A887-407CEC0503B9}.Release|x86.Build.0 = Release|x86
		{DFC140C9-41D5-486D-A887-407CEC0503B9}.Release|x86.Deploy.0 = Release|x86
		{DAD85722-E2D4-458F-A93E-91FAC9899328}.Ad-Hoc|Any CPU.ActiveCfg = Release|iPhoneSimulator
		{DAD85722-E2D4-458F-A93E-91FAC9899328}.Ad-Hoc|Any CPU.Build.0 = Release|iPhoneSimulator
		{DAD85722-E2D4-458F-A93E-91FAC9899328}.Ad-Hoc|ARM.ActiveCfg = Release|iPhoneSimulator
		{DAD85722-E2D4-458F-A93E-91FAC9899328}.Ad-Hoc|ARM.Build.0 = Release|iPhoneSimulator
		{DAD85722-E2D4-458F-A93E-91FAC9899328}.Ad-Hoc|iPhone.ActiveCfg = Release|iPhone
		{DAD85722-E2D4-458F-A93E-91FAC9899328}.Ad-Hoc|iPhone.Build.0 = Release|iPhone
		{DAD85722-E2D4-458F-A93E-91FAC9899328}.Ad-Hoc|iPhoneSimulator.ActiveCfg = Release|iPhoneSimulator
		{DAD85722-E2D4-458F-A93E-91FAC9899328}.Ad-Hoc|iPhoneSimulator.Build.0 = Release|iPhoneSimulator
		{DAD85722-E2D4-458F-A93E-91FAC9899328}.Ad-Hoc|x64.ActiveCfg = Release|iPhoneSimulator
		{DAD85722-E2D4-458F-A93E-91FAC9899328}.Ad-Hoc|x64.Build.0 = Release|iPhoneSimulator
		{DAD85722-E2D4-458F-A93E-91FAC9899328}.Ad-Hoc|x86.ActiveCfg = Release|iPhoneSimulator
		{DAD85722-E2D4-458F-A93E-91FAC9899328}.Ad-Hoc|x86.Build.0 = Release|iPhoneSimulator
		{DAD85722-E2D4-458F-A93E-91FAC9899328}.AppStore|Any CPU.ActiveCfg = Release|iPhoneSimulator
		{DAD85722-E2D4-458F-A93E-91FAC9899328}.AppStore|Any CPU.Build.0 = Release|iPhoneSimulator
		{DAD85722-E2D4-458F-A93E-91FAC9899328}.AppStore|ARM.ActiveCfg = Release|iPhoneSimulator
		{DAD85722-E2D4-458F-A93E-91FAC9899328}.AppStore|ARM.Build.0 = Release|iPhoneSimulator
		{DAD85722-E2D4-458F-A93E-91FAC9899328}.AppStore|iPhone.ActiveCfg = Release|iPhone
		{DAD85722-E2D4-458F-A93E-91FAC9899328}.AppStore|iPhone.Build.0 = Release|iPhone
		{DAD85722-E2D4-458F-A93E-91FAC9899328}.AppStore|iPhoneSimulator.ActiveCfg = Release|iPhoneSimulator
		{DAD85722-E2D4-458F-A93E-91FAC9899328}.AppStore|iPhoneSimulator.Build.0 = Release|iPhoneSimulator
		{DAD85722-E2D4-458F-A93E-91FAC9899328}.AppStore|x64.ActiveCfg = Release|iPhoneSimulator
		{DAD85722-E2D4-458F-A93E-91FAC9899328}.AppStore|x64.Build.0 = Release|iPhoneSimulator
		{DAD85722-E2D4-458F-A93E-91FAC9899328}.AppStore|x86.ActiveCfg = Release|iPhoneSimulator
		{DAD85722-E2D4-458F-A93E-91FAC9899328}.AppStore|x86.Build.0 = Release|iPhoneSimulator
		{DAD85722-E2D4-458F-A93E-91FAC9899328}.Debug|Any CPU.ActiveCfg = Debug|iPhone
		{DAD85722-E2D4-458F-A93E-91FAC9899328}.Debug|ARM.ActiveCfg = Debug|iPhone
		{DAD85722-E2D4-458F-A93E-91FAC9899328}.Debug|iPhone.ActiveCfg = Debug|iPhone
		{DAD85722-E2D4-458F-A93E-91FAC9899328}.Debug|iPhone.Build.0 = Debug|iPhone
		{DAD85722-E2D4-458F-A93E-91FAC9899328}.Debug|iPhoneSimulator.ActiveCfg = Debug|iPhoneSimulator
		{DAD85722-E2D4-458F-A93E-91FAC9899328}.Debug|iPhoneSimulator.Build.0 = Debug|iPhoneSimulator
		{DAD85722-E2D4-458F-A93E-91FAC9899328}.Debug|x64.ActiveCfg = Debug|iPhone
		{DAD85722-E2D4-458F-A93E-91FAC9899328}.Debug|x86.ActiveCfg = Debug|iPhone
		{DAD85722-E2D4-458F-A93E-91FAC9899328}.Release|Any CPU.ActiveCfg = Release|iPhone
		{DAD85722-E2D4-458F-A93E-91FAC9899328}.Release|ARM.ActiveCfg = Release|iPhone
		{DAD85722-E2D4-458F-A93E-91FAC9899328}.Release|iPhone.ActiveCfg = Release|iPhone
		{DAD85722-E2D4-458F-A93E-91FAC9899328}.Release|iPhone.Build.0 = Release|iPhone
		{DAD85722-E2D4-458F-A93E-91FAC9899328}.Release|iPhoneSimulator.ActiveCfg = Release|iPhoneSimulator
		{DAD85722-E2D4-458F-A93E-91FAC9899328}.Release|iPhoneSimulator.Build.0 = Release|iPhoneSimulator
		{DAD85722-E2D4-458F-A93E-91FAC9899328}.Release|x64.ActiveCfg = Release|iPhone
		{DAD85722-E2D4-458F-A93E-91FAC9899328}.Release|x86.ActiveCfg = Release|iPhone
		{09AED819-62F5-4AD5-AD65-7D190BB95415}.Ad-Hoc|Any CPU.ActiveCfg = Release|Any CPU
		{09AED819-62F5-4AD5-AD65-7D190BB95415}.Ad-Hoc|Any CPU.Build.0 = Release|Any CPU
		{09AED819-62F5-4AD5-AD65-7D190BB95415}.Ad-Hoc|Any CPU.Deploy.0 = Release|Any CPU
		{09AED819-62F5-4AD5-AD65-7D190BB95415}.Ad-Hoc|ARM.ActiveCfg = Release|Any CPU
		{09AED819-62F5-4AD5-AD65-7D190BB95415}.Ad-Hoc|ARM.Build.0 = Release|Any CPU
		{09AED819-62F5-4AD5-AD65-7D190BB95415}.Ad-Hoc|ARM.Deploy.0 = Release|Any CPU
		{09AED819-62F5-4AD5-AD65-7D190BB95415}.Ad-Hoc|iPhone.ActiveCfg = Release|Any CPU
		{09AED819-62F5-4AD5-AD65-7D190BB95415}.Ad-Hoc|iPhone.Build.0 = Release|Any CPU
		{09AED819-62F5-4AD5-AD65-7D190BB95415}.Ad-Hoc|iPhone.Deploy.0 = Release|Any CPU
		{09AED819-62F5-4AD5-AD65-7D190BB95415}.Ad-Hoc|iPhoneSimulator.ActiveCfg = Release|Any CPU
		{09AED819-62F5-4AD5-AD65-7D190BB95415}.Ad-Hoc|iPhoneSimulator.Build.0 = Release|Any CPU
		{09AED819-62F5-4AD5-AD65-7D190BB95415}.Ad-Hoc|iPhoneSimulator.Deploy.0 = Release|Any CPU
		{09AED819-62F5-4AD5-AD65-7D190BB95415}.Ad-Hoc|x64.ActiveCfg = Release|Any CPU
		{09AED819-62F5-4AD5-AD65-7D190BB95415}.Ad-Hoc|x64.Build.0 = Release|Any CPU
		{09AED819-62F5-4AD5-AD65-7D190BB95415}.Ad-Hoc|x64.Deploy.0 = Release|Any CPU
		{09AED819-62F5-4AD5-AD65-7D190BB95415}.Ad-Hoc|x86.ActiveCfg = Release|Any CPU
		{09AED819-62F5-4AD5-AD65-7D190BB95415}.Ad-Hoc|x86.Build.0 = Release|Any CPU
		{09AED819-62F5-4AD5-AD65-7D190BB95415}.Ad-Hoc|x86.Deploy.0 = Release|Any CPU
		{09AED819-62F5-4AD5-AD65-7D190BB95415}.AppStore|Any CPU.ActiveCfg = Release|Any CPU
		{09AED819-62F5-4AD5-AD65-7D190BB95415}.AppStore|Any CPU.Build.0 = Release|Any CPU
		{09AED819-62F5-4AD5-AD65-7D190BB95415}.AppStore|Any CPU.Deploy.0 = Release|Any CPU
		{09AED819-62F5-4AD5-AD65-7D190BB95415}.AppStore|ARM.ActiveCfg = Release|Any CPU
		{09AED819-62F5-4AD5-AD65-7D190BB95415}.AppStore|ARM.Build.0 = Release|Any CPU
		{09AED819-62F5-4AD5-AD65-7D190BB95415}.AppStore|ARM.Deploy.0 = Release|Any CPU
		{09AED819-62F5-4AD5-AD65-7D190BB95415}.AppStore|iPhone.ActiveCfg = Release|Any CPU
		{09AED819-62F5-4AD5-AD65-7D190BB95415}.AppStore|iPhone.Build.0 = Release|Any CPU
		{09AED819-62F5-4AD5-AD65-7D190BB95415}.AppStore|iPhone.Deploy.0 = Release|Any CPU
		{09AED819-62F5-4AD5-AD65-7D190BB95415}.AppStore|iPhoneSimulator.ActiveCfg = Release|Any CPU
		{09AED819-62F5-4AD5-AD65-7D190BB95415}.AppStore|iPhoneSimulator.Build.0 = Release|Any CPU
		{09AED819-62F5-4AD5-AD65-7D190BB95415}.AppStore|iPhoneSimulator.Deploy.0 = Release|Any CPU
		{09AED819-62F5-4AD5-AD65-7D190BB95415}.AppStore|x64.ActiveCfg = Release|Any CPU
		{09AED819-62F5-4AD5-AD65-7D190BB95415}.AppStore|x64.Build.0 = Release|Any CPU
		{09AED819-62F5-4AD5-AD65-7D190BB95415}.AppStore|x64.Deploy.0 = Release|Any CPU
		{09AED819-62F5-4AD5-AD65-7D190BB95415}.AppStore|x86.ActiveCfg = Release|Any CPU
		{09AED819-62F5-4AD5-AD65-7D190BB95415}.AppStore|x86.Build.0 = Release|Any CPU
		{09AED819-62F5-4AD5-AD65-7D190BB95415}.AppStore|x86.Deploy.0 = Release|Any CPU
		{09AED819-62F5-4AD5-AD65-7D190BB95415}.Debug|Any CPU.ActiveCfg = Debug|Any CPU
		{09AED819-62F5-4AD5-AD65-7D190BB95415}.Debug|Any CPU.Build.0 = Debug|Any CPU
		{09AED819-62F5-4AD5-AD65-7D190BB95415}.Debug|Any CPU.Deploy.0 = Debug|Any CPU
		{09AED819-62F5-4AD5-AD65-7D190BB95415}.Debug|ARM.ActiveCfg = Debug|Any CPU
		{09AED819-62F5-4AD5-AD65-7D190BB95415}.Debug|ARM.Build.0 = Debug|Any CPU
		{09AED819-62F5-4AD5-AD65-7D190BB95415}.Debug|ARM.Deploy.0 = Debug|Any CPU
		{09AED819-62F5-4AD5-AD65-7D190BB95415}.Debug|iPhone.ActiveCfg = Debug|Any CPU
		{09AED819-62F5-4AD5-AD65-7D190BB95415}.Debug|iPhone.Build.0 = Debug|Any CPU
		{09AED819-62F5-4AD5-AD65-7D190BB95415}.Debug|iPhone.Deploy.0 = Debug|Any CPU
		{09AED819-62F5-4AD5-AD65-7D190BB95415}.Debug|iPhoneSimulator.ActiveCfg = Debug|Any CPU
		{09AED819-62F5-4AD5-AD65-7D190BB95415}.Debug|iPhoneSimulator.Build.0 = Debug|Any CPU
		{09AED819-62F5-4AD5-AD65-7D190BB95415}.Debug|iPhoneSimulator.Deploy.0 = Debug|Any CPU
		{09AED819-62F5-4AD5-AD65-7D190BB95415}.Debug|x64.ActiveCfg = Debug|Any CPU
		{09AED819-62F5-4AD5-AD65-7D190BB95415}.Debug|x64.Build.0 = Debug|Any CPU
		{09AED819-62F5-4AD5-AD65-7D190BB95415}.Debug|x64.Deploy.0 = Debug|Any CPU
		{09AED819-62F5-4AD5-AD65-7D190BB95415}.Debug|x86.ActiveCfg = Debug|Any CPU
		{09AED819-62F5-4AD5-AD65-7D190BB95415}.Debug|x86.Build.0 = Debug|Any CPU
		{09AED819-62F5-4AD5-AD65-7D190BB95415}.Debug|x86.Deploy.0 = Debug|Any CPU
		{09AED819-62F5-4AD5-AD65-7D190BB95415}.Release|Any CPU.ActiveCfg = Release|Any CPU
		{09AED819-62F5-4AD5-AD65-7D190BB95415}.Release|Any CPU.Build.0 = Release|Any CPU
		{09AED819-62F5-4AD5-AD65-7D190BB95415}.Release|Any CPU.Deploy.0 = Release|Any CPU
		{09AED819-62F5-4AD5-AD65-7D190BB95415}.Release|ARM.ActiveCfg = Release|Any CPU
		{09AED819-62F5-4AD5-AD65-7D190BB95415}.Release|ARM.Build.0 = Release|Any CPU
		{09AED819-62F5-4AD5-AD65-7D190BB95415}.Release|ARM.Deploy.0 = Release|Any CPU
		{09AED819-62F5-4AD5-AD65-7D190BB95415}.Release|iPhone.ActiveCfg = Release|Any CPU
		{09AED819-62F5-4AD5-AD65-7D190BB95415}.Release|iPhone.Build.0 = Release|Any CPU
		{09AED819-62F5-4AD5-AD65-7D190BB95415}.Release|iPhone.Deploy.0 = Release|Any CPU
		{09AED819-62F5-4AD5-AD65-7D190BB95415}.Release|iPhoneSimulator.ActiveCfg = Release|Any CPU
		{09AED819-62F5-4AD5-AD65-7D190BB95415}.Release|iPhoneSimulator.Build.0 = Release|Any CPU
		{09AED819-62F5-4AD5-AD65-7D190BB95415}.Release|iPhoneSimulator.Deploy.0 = Release|Any CPU
		{09AED819-62F5-4AD5-AD65-7D190BB95415}.Release|x64.ActiveCfg = Release|Any CPU
		{09AED819-62F5-4AD5-AD65-7D190BB95415}.Release|x64.Build.0 = Release|Any CPU
		{09AED819-62F5-4AD5-AD65-7D190BB95415}.Release|x64.Deploy.0 = Release|Any CPU
		{09AED819-62F5-4AD5-AD65-7D190BB95415}.Release|x86.ActiveCfg = Release|Any CPU
		{09AED819-62F5-4AD5-AD65-7D190BB95415}.Release|x86.Build.0 = Release|Any CPU
		{09AED819-62F5-4AD5-AD65-7D190BB95415}.Release|x86.Deploy.0 = Release|Any CPU
		{6B22CEE3-28FC-44AF-92C1-8DCC701C3011}.Ad-Hoc|Any CPU.ActiveCfg = Release|Any CPU
		{6B22CEE3-28FC-44AF-92C1-8DCC701C3011}.Ad-Hoc|Any CPU.Build.0 = Release|Any CPU
		{6B22CEE3-28FC-44AF-92C1-8DCC701C3011}.Ad-Hoc|ARM.ActiveCfg = Release|Any CPU
		{6B22CEE3-28FC-44AF-92C1-8DCC701C3011}.Ad-Hoc|ARM.Build.0 = Release|Any CPU
		{6B22CEE3-28FC-44AF-92C1-8DCC701C3011}.Ad-Hoc|iPhone.ActiveCfg = Release|Any CPU
		{6B22CEE3-28FC-44AF-92C1-8DCC701C3011}.Ad-Hoc|iPhone.Build.0 = Release|Any CPU
		{6B22CEE3-28FC-44AF-92C1-8DCC701C3011}.Ad-Hoc|iPhoneSimulator.ActiveCfg = Release|Any CPU
		{6B22CEE3-28FC-44AF-92C1-8DCC701C3011}.Ad-Hoc|iPhoneSimulator.Build.0 = Release|Any CPU
		{6B22CEE3-28FC-44AF-92C1-8DCC701C3011}.Ad-Hoc|x64.ActiveCfg = Release|Any CPU
		{6B22CEE3-28FC-44AF-92C1-8DCC701C3011}.Ad-Hoc|x64.Build.0 = Release|Any CPU
		{6B22CEE3-28FC-44AF-92C1-8DCC701C3011}.Ad-Hoc|x86.ActiveCfg = Release|Any CPU
		{6B22CEE3-28FC-44AF-92C1-8DCC701C3011}.Ad-Hoc|x86.Build.0 = Release|Any CPU
		{6B22CEE3-28FC-44AF-92C1-8DCC701C3011}.AppStore|Any CPU.ActiveCfg = Release|Any CPU
		{6B22CEE3-28FC-44AF-92C1-8DCC701C3011}.AppStore|Any CPU.Build.0 = Release|Any CPU
		{6B22CEE3-28FC-44AF-92C1-8DCC701C3011}.AppStore|ARM.ActiveCfg = Release|Any CPU
		{6B22CEE3-28FC-44AF-92C1-8DCC701C3011}.AppStore|ARM.Build.0 = Release|Any CPU
		{6B22CEE3-28FC-44AF-92C1-8DCC701C3011}.AppStore|iPhone.ActiveCfg = Release|Any CPU
		{6B22CEE3-28FC-44AF-92C1-8DCC701C3011}.AppStore|iPhone.Build.0 = Release|Any CPU
		{6B22CEE3-28FC-44AF-92C1-8DCC701C3011}.AppStore|iPhoneSimulator.ActiveCfg = Release|Any CPU
		{6B22CEE3-28FC-44AF-92C1-8DCC701C3011}.AppStore|iPhoneSimulator.Build.0 = Release|Any CPU
		{6B22CEE3-28FC-44AF-92C1-8DCC701C3011}.AppStore|x64.ActiveCfg = Release|Any CPU
		{6B22CEE3-28FC-44AF-92C1-8DCC701C3011}.AppStore|x64.Build.0 = Release|Any CPU
		{6B22CEE3-28FC-44AF-92C1-8DCC701C3011}.AppStore|x86.ActiveCfg = Release|Any CPU
		{6B22CEE3-28FC-44AF-92C1-8DCC701C3011}.AppStore|x86.Build.0 = Release|Any CPU
		{6B22CEE3-28FC-44AF-92C1-8DCC701C3011}.Debug|Any CPU.ActiveCfg = Debug|Any CPU
		{6B22CEE3-28FC-44AF-92C1-8DCC701C3011}.Debug|Any CPU.Build.0 = Debug|Any CPU
		{6B22CEE3-28FC-44AF-92C1-8DCC701C3011}.Debug|ARM.ActiveCfg = Debug|Any CPU
		{6B22CEE3-28FC-44AF-92C1-8DCC701C3011}.Debug|ARM.Build.0 = Debug|Any CPU
		{6B22CEE3-28FC-44AF-92C1-8DCC701C3011}.Debug|iPhone.ActiveCfg = Debug|Any CPU
		{6B22CEE3-28FC-44AF-92C1-8DCC701C3011}.Debug|iPhone.Build.0 = Debug|Any CPU
		{6B22CEE3-28FC-44AF-92C1-8DCC701C3011}.Debug|iPhoneSimulator.ActiveCfg = Debug|Any CPU
		{6B22CEE3-28FC-44AF-92C1-8DCC701C3011}.Debug|iPhoneSimulator.Build.0 = Debug|Any CPU
		{6B22CEE3-28FC-44AF-92C1-8DCC701C3011}.Debug|x64.ActiveCfg = Debug|Any CPU
		{6B22CEE3-28FC-44AF-92C1-8DCC701C3011}.Debug|x64.Build.0 = Debug|Any CPU
		{6B22CEE3-28FC-44AF-92C1-8DCC701C3011}.Debug|x86.ActiveCfg = Debug|Any CPU
		{6B22CEE3-28FC-44AF-92C1-8DCC701C3011}.Debug|x86.Build.0 = Debug|Any CPU
		{6B22CEE3-28FC-44AF-92C1-8DCC701C3011}.Release|Any CPU.ActiveCfg = Release|Any CPU
		{6B22CEE3-28FC-44AF-92C1-8DCC701C3011}.Release|Any CPU.Build.0 = Release|Any CPU
		{6B22CEE3-28FC-44AF-92C1-8DCC701C3011}.Release|ARM.ActiveCfg = Release|Any CPU
		{6B22CEE3-28FC-44AF-92C1-8DCC701C3011}.Release|ARM.Build.0 = Release|Any CPU
		{6B22CEE3-28FC-44AF-92C1-8DCC701C3011}.Release|iPhone.ActiveCfg = Release|Any CPU
		{6B22CEE3-28FC-44AF-92C1-8DCC701C3011}.Release|iPhone.Build.0 = Release|Any CPU
		{6B22CEE3-28FC-44AF-92C1-8DCC701C3011}.Release|iPhoneSimulator.ActiveCfg = Release|Any CPU
		{6B22CEE3-28FC-44AF-92C1-8DCC701C3011}.Release|iPhoneSimulator.Build.0 = Release|Any CPU
		{6B22CEE3-28FC-44AF-92C1-8DCC701C3011}.Release|x64.ActiveCfg = Release|Any CPU
		{6B22CEE3-28FC-44AF-92C1-8DCC701C3011}.Release|x64.Build.0 = Release|Any CPU
		{6B22CEE3-28FC-44AF-92C1-8DCC701C3011}.Release|x86.ActiveCfg = Release|Any CPU
		{6B22CEE3-28FC-44AF-92C1-8DCC701C3011}.Release|x86.Build.0 = Release|Any CPU
		{CC07CDEE-E30D-4C48-9AE8-AC84B33510BF}.Ad-Hoc|Any CPU.ActiveCfg = Release|Any CPU
		{CC07CDEE-E30D-4C48-9AE8-AC84B33510BF}.Ad-Hoc|Any CPU.Build.0 = Release|Any CPU
		{CC07CDEE-E30D-4C48-9AE8-AC84B33510BF}.Ad-Hoc|ARM.ActiveCfg = Release|Any CPU
		{CC07CDEE-E30D-4C48-9AE8-AC84B33510BF}.Ad-Hoc|ARM.Build.0 = Release|Any CPU
		{CC07CDEE-E30D-4C48-9AE8-AC84B33510BF}.Ad-Hoc|iPhone.ActiveCfg = Release|Any CPU
		{CC07CDEE-E30D-4C48-9AE8-AC84B33510BF}.Ad-Hoc|iPhone.Build.0 = Release|Any CPU
		{CC07CDEE-E30D-4C48-9AE8-AC84B33510BF}.Ad-Hoc|iPhoneSimulator.ActiveCfg = Release|Any CPU
		{CC07CDEE-E30D-4C48-9AE8-AC84B33510BF}.Ad-Hoc|iPhoneSimulator.Build.0 = Release|Any CPU
		{CC07CDEE-E30D-4C48-9AE8-AC84B33510BF}.Ad-Hoc|x64.ActiveCfg = Release|Any CPU
		{CC07CDEE-E30D-4C48-9AE8-AC84B33510BF}.Ad-Hoc|x64.Build.0 = Release|Any CPU
		{CC07CDEE-E30D-4C48-9AE8-AC84B33510BF}.Ad-Hoc|x86.ActiveCfg = Release|Any CPU
		{CC07CDEE-E30D-4C48-9AE8-AC84B33510BF}.Ad-Hoc|x86.Build.0 = Release|Any CPU
		{CC07CDEE-E30D-4C48-9AE8-AC84B33510BF}.AppStore|Any CPU.ActiveCfg = Release|Any CPU
		{CC07CDEE-E30D-4C48-9AE8-AC84B33510BF}.AppStore|Any CPU.Build.0 = Release|Any CPU
		{CC07CDEE-E30D-4C48-9AE8-AC84B33510BF}.AppStore|ARM.ActiveCfg = Release|Any CPU
		{CC07CDEE-E30D-4C48-9AE8-AC84B33510BF}.AppStore|ARM.Build.0 = Release|Any CPU
		{CC07CDEE-E30D-4C48-9AE8-AC84B33510BF}.AppStore|iPhone.ActiveCfg = Release|Any CPU
		{CC07CDEE-E30D-4C48-9AE8-AC84B33510BF}.AppStore|iPhone.Build.0 = Release|Any CPU
		{CC07CDEE-E30D-4C48-9AE8-AC84B33510BF}.AppStore|iPhoneSimulator.ActiveCfg = Release|Any CPU
		{CC07CDEE-E30D-4C48-9AE8-AC84B33510BF}.AppStore|iPhoneSimulator.Build.0 = Release|Any CPU
		{CC07CDEE-E30D-4C48-9AE8-AC84B33510BF}.AppStore|x64.ActiveCfg = Release|Any CPU
		{CC07CDEE-E30D-4C48-9AE8-AC84B33510BF}.AppStore|x64.Build.0 = Release|Any CPU
		{CC07CDEE-E30D-4C48-9AE8-AC84B33510BF}.AppStore|x86.ActiveCfg = Release|Any CPU
		{CC07CDEE-E30D-4C48-9AE8-AC84B33510BF}.AppStore|x86.Build.0 = Release|Any CPU
		{CC07CDEE-E30D-4C48-9AE8-AC84B33510BF}.Debug|Any CPU.ActiveCfg = Debug|Any CPU
		{CC07CDEE-E30D-4C48-9AE8-AC84B33510BF}.Debug|Any CPU.Build.0 = Debug|Any CPU
		{CC07CDEE-E30D-4C48-9AE8-AC84B33510BF}.Debug|ARM.ActiveCfg = Debug|Any CPU
		{CC07CDEE-E30D-4C48-9AE8-AC84B33510BF}.Debug|ARM.Build.0 = Debug|Any CPU
		{CC07CDEE-E30D-4C48-9AE8-AC84B33510BF}.Debug|iPhone.ActiveCfg = Debug|Any CPU
		{CC07CDEE-E30D-4C48-9AE8-AC84B33510BF}.Debug|iPhone.Build.0 = Debug|Any CPU
		{CC07CDEE-E30D-4C48-9AE8-AC84B33510BF}.Debug|iPhoneSimulator.ActiveCfg = Debug|Any CPU
		{CC07CDEE-E30D-4C48-9AE8-AC84B33510BF}.Debug|iPhoneSimulator.Build.0 = Debug|Any CPU
		{CC07CDEE-E30D-4C48-9AE8-AC84B33510BF}.Debug|x64.ActiveCfg = Debug|Any CPU
		{CC07CDEE-E30D-4C48-9AE8-AC84B33510BF}.Debug|x64.Build.0 = Debug|Any CPU
		{CC07CDEE-E30D-4C48-9AE8-AC84B33510BF}.Debug|x86.ActiveCfg = Debug|Any CPU
		{CC07CDEE-E30D-4C48-9AE8-AC84B33510BF}.Debug|x86.Build.0 = Debug|Any CPU
		{CC07CDEE-E30D-4C48-9AE8-AC84B33510BF}.Release|Any CPU.ActiveCfg = Release|Any CPU
		{CC07CDEE-E30D-4C48-9AE8-AC84B33510BF}.Release|Any CPU.Build.0 = Release|Any CPU
		{CC07CDEE-E30D-4C48-9AE8-AC84B33510BF}.Release|ARM.ActiveCfg = Release|Any CPU
		{CC07CDEE-E30D-4C48-9AE8-AC84B33510BF}.Release|ARM.Build.0 = Release|Any CPU
		{CC07CDEE-E30D-4C48-9AE8-AC84B33510BF}.Release|iPhone.ActiveCfg = Release|Any CPU
		{CC07CDEE-E30D-4C48-9AE8-AC84B33510BF}.Release|iPhone.Build.0 = Release|Any CPU
		{CC07CDEE-E30D-4C48-9AE8-AC84B33510BF}.Release|iPhoneSimulator.ActiveCfg = Release|Any CPU
		{CC07CDEE-E30D-4C48-9AE8-AC84B33510BF}.Release|iPhoneSimulator.Build.0 = Release|Any CPU
		{CC07CDEE-E30D-4C48-9AE8-AC84B33510BF}.Release|x64.ActiveCfg = Release|Any CPU
		{CC07CDEE-E30D-4C48-9AE8-AC84B33510BF}.Release|x64.Build.0 = Release|Any CPU
		{CC07CDEE-E30D-4C48-9AE8-AC84B33510BF}.Release|x86.ActiveCfg = Release|Any CPU
		{CC07CDEE-E30D-4C48-9AE8-AC84B33510BF}.Release|x86.Build.0 = Release|Any CPU
	EndGlobalSection
	GlobalSection(SolutionProperties) = preSolution
		HideSolutionNode = FALSE
	EndGlobalSection
	GlobalSection(NestedProjects) = preSolution
		{DFC140C9-41D5-486D-A887-407CEC0503B9} = {A6FB2B5E-D3E7-4A2F-A4FE-D946ECBB6A68}
		{DAD85722-E2D4-458F-A93E-91FAC9899328} = {A6FB2B5E-D3E7-4A2F-A4FE-D946ECBB6A68}
		{09AED819-62F5-4AD5-AD65-7D190BB95415} = {A6FB2B5E-D3E7-4A2F-A4FE-D946ECBB6A68}
		{6B22CEE3-28FC-44AF-92C1-8DCC701C3011} = {09F0D674-4D29-460C-AE93-22384E026F9D}
		{CC07CDEE-E30D-4C48-9AE8-AC84B33510BF} = {09F0D674-4D29-460C-AE93-22384E026F9D}
	EndGlobalSection
	GlobalSection(ExtensibilityGlobals) = postSolution
		SolutionGuid = {B5673C54-70D9-4D2F-931B-477CD290F61E}
	EndGlobalSection
EndGlobal
